
Microsoft Visual Studio Solution File, Format Version 12.00
# Visual Studio Version 16
VisualStudioVersion = 16.0.30621.155
MinimumVisualStudioVersion = 10.0.40219.1
Project("{8BC9CEB8-8B4A-11D0-8D11-00A0C91BC942}") = "Numbers", "ComplexNumbers\ComplexNumbers.vcxproj", "{A7BAC47F-6D6E-4410-8618-35348DC010D2}"
EndProject
Project("{8BC9CEB8-8B4A-11D0-8D11-00A0C91BC942}") = "Time", "Time\Times.vcxproj", "{8989E10C-00DA-4DE9-9FC4-202E5E417370}"
EndProject
Project("{8BC9CEB8-8B4A-11D0-8D11-00A0C91BC942}") = "LinkedList", "LinkedList\LinkedList.vcxproj", "{810B83F0-E22A-4BFC-97E0-2BA10A2069CD}"
EndProject
Global
	GlobalSection(SolutionConfigurationPlatforms) = preSolution
		Debug|x64 = Debug|x64
		Debug|x86 = Debug|x86
		Release|x64 = Release|x64
		Release|x86 = Release|x86
	EndGlobalSection
	GlobalSection(ProjectConfigurationPlatforms) = postSolution
		{A7BAC47F-6D6E-4410-8618-35348DC010D2}.Debug|x64.ActiveCfg = Debug|x64
		{A7BAC47F-6D6E-4410-8618-35348DC010D2}.Debug|x64.Build.0 = Debug|x64
		{A7BAC47F-6D6E-4410-8618-35348DC010D2}.Debug|x86.ActiveCfg = Debug|Win32
		{A7BAC47F-6D6E-4410-8618-35348DC010D2}.Debug|x86.Build.0 = Debug|Win32
		{A7BAC47F-6D6E-4410-8618-35348DC010D2}.Release|x64.ActiveCfg = Release|x64
		{A7BAC47F-6D6E-4410-8618-35348DC010D2}.Release|x64.Build.0 = Release|x64
		{A7BAC47F-6D6E-4410-8618-35348DC010D2}.Release|x86.ActiveCfg = Release|Win32
		{A7BAC47F-6D6E-4410-8618-35348DC010D2}.Release|x86.Build.0 = Release|Win32
		{8989E10C-00DA-4DE9-9FC4-202E5E417370}.Debug|x64.ActiveCfg = Debug|x64
		{8989E10C-00DA-4DE9-9FC4-202E5E417370}.Debug|x64.Build.0 = Debug|x64
		{8989E10C-00DA-4DE9-9FC4-202E5E417370}.Debug|x86.ActiveCfg = Debug|Win32
		{8989E10C-00DA-4DE9-9FC4-202E5E417370}.Debug|x86.Build.0 = Debug|Win32
		{8989E10C-00DA-4DE9-9FC4-202E5E417370}.Release|x64.ActiveCfg = Release|x64
		{8989E10C-00DA-4DE9-9FC4-202E5E417370}.Release|x64.Build.0 = Release|x64
		{8989E10C-00DA-4DE9-9FC4-202E5E417370}.Release|x86.ActiveCfg = Release|Win32
		{8989E10C-00DA-4DE9-9FC4-202E5E417370}.Release|x86.Build.0 = Release|Win32
		{810B83F0-E22A-4BFC-97E0-2BA10A2069CD}.Debug|x64.ActiveCfg = Debug|x64
		{810B83F0-E22A-4BFC-97E0-2BA10A2069CD}.Debug|x64.Build.0 = Debug|x64
		{810B83F0-E22A-4BFC-97E0-2BA10A2069CD}.Debug|x86.ActiveCfg = Debug|Win32
		{810B83F0-E22A-4BFC-97E0-2BA10A2069CD}.Debug|x86.Build.0 = Debug|Win32
		{810B83F0-E22A-4BFC-97E0-2BA10A2069CD}.Release|x64.ActiveCfg = Release|x64
		{810B83F0-E22A-4BFC-97E0-2BA10A2069CD}.Release|x64.Build.0 = Release|x64
		{810B83F0-E22A-4BFC-97E0-2BA10A2069CD}.Release|x86.ActiveCfg = Release|Win32
		{810B83F0-E22A-4BFC-97E0-2BA10A2069CD}.Release|x86.Build.0 = Release|Win32
	EndGlobalSection
	GlobalSection(SolutionProperties) = preSolution
		HideSolutionNode = FALSE
	EndGlobalSection
	GlobalSection(ExtensibilityGlobals) = postSolution
		SolutionGuid = {3917092C-8171-4510-8E83-4F97D7D4E9EF}
	EndGlobalSection
EndGlobal
